
Microsoft Visual Studio Solution File, Format Version 12.00
# Visual Studio 15
VisualStudioVersion = 15.0.27703.2000
MinimumVisualStudioVersion = 10.0.40219.1
Project("{FAE04EC0-301F-11D3-BF4B-00C04F79EFBC}") = "frmProgramaGustavo", "frmProgramaGustavo\frmProgramaGustavo.csproj", "{4E897986-CEDA-4708-BC7D-16DD202464BB}"
EndProject
Global
	GlobalSection(SolutionConfigurationPlatforms) = preSolution
		Debug|Any CPU = Debug|Any CPU
		Release|Any CPU = Release|Any CPU
	EndGlobalSection
	GlobalSection(ProjectConfigurationPlatforms) = postSolution
		{4E897986-CEDA-4708-BC7D-16DD202464BB}.Debug|Any CPU.ActiveCfg = Debug|Any CPU
		{4E897986-CEDA-4708-BC7D-16DD202464BB}.Debug|Any CPU.Build.0 = Debug|Any CPU
		{4E897986-CEDA-4708-BC7D-16DD202464BB}.Release|Any CPU.ActiveCfg = Release|Any CPU
		{4E897986-CEDA-4708-BC7D-16DD202464BB}.Release|Any CPU.Build.0 = Release|Any CPU
	EndGlobalSection
	GlobalSection(SolutionProperties) = preSolution
		HideSolutionNode = FALSE
	EndGlobalSection
	GlobalSection(ExtensibilityGlobals) = postSolution
		SolutionGuid = {191E5159-110E-4419-8A8D-EC89FA43C135}
	EndGlobalSection
EndGlobal
